github.com/CaiJimmy/hugo-theme-stack/v3 v3.32.0 h1:C5qZXm/XSc6TUHmLJerocpmQz/bWm+ODj0iQ1kRpOkE=
github.com/CaiJimmy/hugo-theme-stack/v3 v3.32.0/go.mod h1:IPmCXiIxlFSLFYS0tOmYP6ySLviyeNVSabyvSuaxD+I=
github.com/KKKZOZ/hugo-admonitions v0.7.0 h1:Yy2MZM2B93u5jnjm1rY39bWRySTeKsPMOkHOXg4t3aQ=
github.com/KKKZOZ/hugo-admonitions v0.7.0/go.mod h1:4PsJAsqo3mS3VzAtDLa8k0ds+CJQUWZhAo9kLi1NRlM=
